{
  "name": "bsc-transaction-calc",
  "version": "1.0.0",
  "lockfileVersion": 1,
  "requires": true,
  "dependencies": {
    "axios": {
      "version": "0.21.1",
      "resolved": "https://registry.npmjs.org/axios/-/axios-0.21.1.tgz",
      "integrity": "sha512-dKQiRHxGD9PPRIUNIWvZhPTPpl1rf/OxTYKsqKUDjBwYylTvV7SjSHJb9ratfyzM6wCdLCOYLzs73qpg5c4iGA==",
      "requires": {
        "follow-redirects": "^1.10.0"
      }
    },
    "bsc-scan": {
      "version": "1.2.0",
      "resolved": "https://registry.npmjs.org/bsc-scan/-/bsc-scan-1.2.0.tgz",
      "integrity": "sha512-W/gXlx3Dhct8+/EWVd9iERjm9FYmfL70oxTHKXv/8WdjeLjd1ZXviZrtjz+KVL0IJm6MCcy1lPDTpPIReVWisw==",
      "requires": {
        "axios": "0.21.1",
        "lodash.identity": "3.0.0",
        "lodash.pickby": "4.6.0",
        "querystring": "0.2.0"
      }
    },
    "follow-redirects": {
      "version": "1.14.6",
      "resolved": "https://registry.npmjs.org/follow-redirects/-/follow-redirects-1.14.6.tgz",
      "integrity": "sha512-fhUl5EwSJbbl8AR+uYL2KQDxLkdSjZGR36xy46AO7cOMTrCMON6Sa28FmAnC2tRTDbd/Uuzz3aJBv7EBN7JH8A=="
    },
    "lodash.identity": {
      "version": "3.0.0",
      "resolved": "https://registry.npmjs.org/lodash.identity/-/lodash.identity-3.0.0.tgz",
      "integrity": "sha1-rXvGpOZH15yXLhuA/u968VYmeHY="
    },
    "lodash.pickby": {
      "version": "4.6.0",
      "resolved": "https://registry.npmjs.org/lodash.pickby/-/lodash.pickby-4.6.0.tgz",
      "integrity": "sha1-feoh2MGNdwOifHBMFdO4SmfjOv8="
    },
    "querystring": {
      "version": "0.2.0",
      "resolved": "https://registry.npmjs.org/querystring/-/querystring-0.2.0.tgz",
      "integrity": "sha1-sgmEkgO7Jd+CDadW50cAWHhSFiA="
    }
  }
}
